
Microsoft Visual Studio Solution File, Format Version 12.00
# Visual Studio Version 16
VisualStudioVersion = 16.0.30523.141
MinimumVisualStudioVersion = 10.0.40219.1
Project("{FAE04EC0-301F-11D3-BF4B-00C04F79EFBC}") = "CovidItalyAnalyzer", "CovidItalyAnalyzer.csproj", "{456E7DCC-7F4F-4E48-B7DF-6250079BD5C0}"
EndProject
Project("{FAE04EC0-301F-11D3-BF4B-00C04F79EFBC}") = "WPFCovidItalyAnalizer", "..\WPFCovidItalyAnalizer\WPFCovidItalyAnalizer.csproj", "{2DD9E43C-5C27-4AB3-BC0F-A6DA4978F5BD}"
EndProject
Global
	GlobalSection(SolutionConfigurationPlatforms) = preSolution
		Debug|Any CPU = Debug|Any CPU
		Release|Any CPU = Release|Any CPU
	EndGlobalSection
	GlobalSection(ProjectConfigurationPlatforms) = postSolution
		{456E7DCC-7F4F-4E48-B7DF-6250079BD5C0}.Debug|Any CPU.ActiveCfg = Debug|Any CPU
		{456E7DCC-7F4F-4E48-B7DF-6250079BD5C0}.Debug|Any CPU.Build.0 = Debug|Any CPU
		{456E7DCC-7F4F-4E48-B7DF-6250079BD5C0}.Release|Any CPU.ActiveCfg = Release|Any CPU
		{456E7DCC-7F4F-4E48-B7DF-6250079BD5C0}.Release|Any CPU.Build.0 = Release|Any CPU
		{2DD9E43C-5C27-4AB3-BC0F-A6DA4978F5BD}.Debug|Any CPU.ActiveCfg = Debug|Any CPU
		{2DD9E43C-5C27-4AB3-BC0F-A6DA4978F5BD}.Debug|Any CPU.Build.0 = Debug|Any CPU
		{2DD9E43C-5C27-4AB3-BC0F-A6DA4978F5BD}.Release|Any CPU.ActiveCfg = Release|Any CPU
		{2DD9E43C-5C27-4AB3-BC0F-A6DA4978F5BD}.Release|Any CPU.Build.0 = Release|Any CPU
	EndGlobalSection
	GlobalSection(SolutionProperties) = preSolution
		HideSolutionNode = FALSE
	EndGlobalSection
	GlobalSection(ExtensibilityGlobals) = postSolution
		SolutionGuid = {B7022C1C-6608-44B9-9C52-96F5CA53647B}
	EndGlobalSection
EndGlobal
